
Microsoft Visual Studio Solution File, Format Version 12.00
# Visual Studio Version 16
VisualStudioVersion = 16.0.30413.136
MinimumVisualStudioVersion = 10.0.40219.1
Project("{9A19103F-16F7-4668-BE54-9A1E7A4F7556}") = "Practica2-EsmeraldaLopez", "Practica2-EsmeraldaLopez\Practica2-EsmeraldaLopez.csproj", "{C89BD379-527D-4089-89E1-D9D9DF06CBFF}"
EndProject
Project("{9A19103F-16F7-4668-BE54-9A1E7A4F7556}") = "Actividad2", "Actividad2\Actividad2.csproj", "{FDF24B9A-5803-4305-907F-0D555FE50000}"
EndProject
Project("{9A19103F-16F7-4668-BE54-9A1E7A4F7556}") = "Villancicos", "Villancicos\Villancicos.csproj", "{5551DB31-CEAF-4641-8FAD-0CAD177E1219}"
EndProject
Project("{9A19103F-16F7-4668-BE54-9A1E7A4F7556}") = "Practica3-Presidentes", "Practica3-Presidentes\Practica3-Presidentes.csproj", "{35764D5C-3743-472C-8E17-4C276960F1D5}"
EndProject
Project("{9A19103F-16F7-4668-BE54-9A1E7A4F7556}") = "Practica4-Materias", "Practica4-Materias\Practica4-Materias.csproj", "{6276A4C6-575F-4560-AF8A-71EB751C51B9}"
EndProject
Project("{9A19103F-16F7-4668-BE54-9A1E7A4F7556}") = "Actividad3-Pixar", "Actividad3-Pixar\Actividad3-Pixar.csproj", "{8CD03D19-B3E8-4ECF-91F7-184BE56C1AF2}"
EndProject
Project("{9A19103F-16F7-4668-BE54-9A1E7A4F7556}") = "U2Practica5-SweetBakery", "U2Practica5-SweetBakery\U2Practica5-SweetBakery.csproj", "{DE32FC3D-8423-4111-9FB6-E8C5A9CFE629}"
EndProject
Project("{FAE04EC0-301F-11D3-BF4B-00C04F79EFBC}") = "U2Actividad5-Animales", "U2Actividad5-Animales\U2Actividad5-Animales.csproj", "{D4A3C589-9F46-4686-927D-59261530F5AA}"
EndProject
Global
	GlobalSection(SolutionConfigurationPlatforms) = preSolution
		Debug|Any CPU = Debug|Any CPU
		Release|Any CPU = Release|Any CPU
	EndGlobalSection
	GlobalSection(ProjectConfigurationPlatforms) = postSolution
		{C89BD379-527D-4089-89E1-D9D9DF06CBFF}.Debug|Any CPU.ActiveCfg = Debug|Any CPU
		{C89BD379-527D-4089-89E1-D9D9DF06CBFF}.Debug|Any CPU.Build.0 = Debug|Any CPU
		{C89BD379-527D-4089-89E1-D9D9DF06CBFF}.Release|Any CPU.ActiveCfg = Release|Any CPU
		{C89BD379-527D-4089-89E1-D9D9DF06CBFF}.Release|Any CPU.Build.0 = Release|Any CPU
		{FDF24B9A-5803-4305-907F-0D555FE50000}.Debug|Any CPU.ActiveCfg = Debug|Any CPU
		{FDF24B9A-5803-4305-907F-0D555FE50000}.Debug|Any CPU.Build.0 = Debug|Any CPU
		{FDF24B9A-5803-4305-907F-0D555FE50000}.Release|Any CPU.ActiveCfg = Release|Any CPU
		{FDF24B9A-5803-4305-907F-0D555FE50000}.Release|Any CPU.Build.0 = Release|Any CPU
		{5551DB31-CEAF-4641-8FAD-0CAD177E1219}.Debug|Any CPU.ActiveCfg = Debug|Any CPU
		{5551DB31-CEAF-4641-8FAD-0CAD177E1219}.Debug|Any CPU.Build.0 = Debug|Any CPU
		{5551DB31-CEAF-4641-8FAD-0CAD177E1219}.Release|Any CPU.ActiveCfg = Release|Any CPU
		{5551DB31-CEAF-4641-8FAD-0CAD177E1219}.Release|Any CPU.Build.0 = Release|Any CPU
		{35764D5C-3743-472C-8E17-4C276960F1D5}.Debug|Any CPU.ActiveCfg = Debug|Any CPU
		{35764D5C-3743-472C-8E17-4C276960F1D5}.Debug|Any CPU.Build.0 = Debug|Any CPU
		{35764D5C-3743-472C-8E17-4C276960F1D5}.Release|Any CPU.ActiveCfg = Release|Any CPU
		{35764D5C-3743-472C-8E17-4C276960F1D5}.Release|Any CPU.Build.0 = Release|Any CPU
		{6276A4C6-575F-4560-AF8A-71EB751C51B9}.Debug|Any CPU.ActiveCfg = Debug|Any CPU
		{6276A4C6-575F-4560-AF8A-71EB751C51B9}.Debug|Any CPU.Build.0 = Debug|Any CPU
		{6276A4C6-575F-4560-AF8A-71EB751C51B9}.Release|Any CPU.ActiveCfg = Release|Any CPU
		{6276A4C6-575F-4560-AF8A-71EB751C51B9}.Release|Any CPU.Build.0 = Release|Any CPU
		{8CD03D19-B3E8-4ECF-91F7-184BE56C1AF2}.Debug|Any CPU.ActiveCfg = Debug|Any CPU
		{8CD03D19-B3E8-4ECF-91F7-184BE56C1AF2}.Debug|Any CPU.Build.0 = Debug|Any CPU
		{8CD03D19-B3E8-4ECF-91F7-184BE56C1AF2}.Release|Any CPU.ActiveCfg = Release|Any CPU
		{8CD03D19-B3E8-4ECF-91F7-184BE56C1AF2}.Release|Any CPU.Build.0 = Release|Any CPU
		{DE32FC3D-8423-4111-9FB6-E8C5A9CFE629}.Debug|Any CPU.ActiveCfg = Debug|Any CPU
		{DE32FC3D-8423-4111-9FB6-E8C5A9CFE629}.Debug|Any CPU.Build.0 = Debug|Any CPU
		{DE32FC3D-8423-4111-9FB6-E8C5A9CFE629}.Release|Any CPU.ActiveCfg = Release|Any CPU
		{DE32FC3D-8423-4111-9FB6-E8C5A9CFE629}.Release|Any CPU.Build.0 = Release|Any CPU
		{D4A3C589-9F46-4686-927D-59261530F5AA}.Debug|Any CPU.ActiveCfg = Debug|Any CPU
		{D4A3C589-9F46-4686-927D-59261530F5AA}.Debug|Any CPU.Build.0 = Debug|Any CPU
		{D4A3C589-9F46-4686-927D-59261530F5AA}.Release|Any CPU.ActiveCfg = Release|Any CPU
		{D4A3C589-9F46-4686-927D-59261530F5AA}.Release|Any CPU.Build.0 = Release|Any CPU
	EndGlobalSection
	GlobalSection(SolutionProperties) = preSolution
		HideSolutionNode = FALSE
	EndGlobalSection
	GlobalSection(ExtensibilityGlobals) = postSolution
		SolutionGuid = {8E485B95-2DEA-491B-B9C4-EEAA33ABE3FD}
	EndGlobalSection
EndGlobal
